[root]
name = "hole_list_allocator"
version = "0.1.0"
dependencies = [
 "lazy_static 0.2.9 (registry+https://github.com/rust-lang/crates.io-index)",
 "linked_list_allocator 0.4.2 (git+https://github.com/phil-opp/linked-list-allocator.git)",
 "spin 0.4.6 (registry+https://github.com/rust-lang/crates.io-index)",
]

[[package]]
name = "lazy_static"
version = "0.2.9"
source = "registry+https://github.com/rust-lang/crates.io-index"
dependencies = [
 "spin 0.4.6 (registry+https://github.com/rust-lang/crates.io-index)",
]

[[package]]
name = "linked_list_allocator"
version = "0.4.2"
source = "git+https://github.com/phil-opp/linked-list-allocator.git#7979db9dcb30f7d1212edd16aef4241a0e0fcb40"
dependencies = [
 "spin 0.4.6 (registry+https://github.com/rust-lang/crates.io-index)",
]

[[package]]
name = "spin"
version = "0.4.6"
source = "registry+https://github.com/rust-lang/crates.io-index"

[metadata]
"checksum lazy_static 0.2.9 (registry+https://github.com/rust-lang/crates.io-index)" = "c9e5e58fa1a4c3b915a561a78a22ee0cac6ab97dca2504428bc1cb074375f8d5"
"checksum linked_list_allocator 0.4.2 (git+https://github.com/phil-opp/linked-list-allocator.git)" = "<none>"
"checksum spin 0.4.6 (registry+https://github.com/rust-lang/crates.io-index)" = "7e4deb3c2455c73779e6d3eebceae9599fc70957e54c69fe88f93aa48e62f432"
